
Microsoft Visual Studio Solution File, Format Version 12.00
# Visual Studio Version 17
VisualStudioVersion = 17.8.34309.116
MinimumVisualStudioVersion = 10.0.40219.1
Project("{9A19103F-16F7-4668-BE54-9A1E7A4F7556}") = "NorthSouthSystems.Conversion", "NorthSouthSystems.Conversion\NorthSouthSystems.Conversion.csproj", "{0029B5AA-C08E-4A09-A964-8F6D977B2C3E}"
EndProject
Project("{9A19103F-16F7-4668-BE54-9A1E7A4F7556}") = "NorthSouthSystems.Conversion.Test", "NorthSouthSystems.Conversion.Test\NorthSouthSystems.Conversion.Test.csproj", "{BAAF9E9C-98B4-47A2-A3FE-7D9BC7170D94}"
EndProject
Project("{2150E333-8FDC-42A3-9474-1A3956D46DE8}") = "Github Workflows", "Github Workflows", "{388380DE-37C3-4C08-A1CB-B9686DEA9C45}"
	ProjectSection(SolutionItems) = preProject
		.github\workflows\BuildTestAnalyze.yml = .github\workflows\BuildTestAnalyze.yml
		.github\workflows\BuildTestPackagePublish.yml = .github\workflows\BuildTestPackagePublish.yml
	EndProjectSection
EndProject
Project("{2150E333-8FDC-42A3-9474-1A3956D46DE8}") = "Nerdbank.GitVersioning", "Nerdbank.GitVersioning", "{E225EA17-0AA5-4EE3-B707-4BD03013DE1F}"
	ProjectSection(SolutionItems) = preProject
		Directory.Build.props = Directory.Build.props
		version.json = version.json
	EndProjectSection
EndProject
Project("{2150E333-8FDC-42A3-9474-1A3956D46DE8}") = "Other", "Other", "{D4B56725-7950-42EC-A384-92E9ECB1160B}"
	ProjectSection(SolutionItems) = preProject
		.gitignore = .gitignore
		LICENSE = LICENSE
		README.md = README.md
	EndProjectSection
EndProject
Global
	GlobalSection(SolutionConfigurationPlatforms) = preSolution
		Debug|Any CPU = Debug|Any CPU
		Release|Any CPU = Release|Any CPU
	EndGlobalSection
	GlobalSection(ProjectConfigurationPlatforms) = postSolution
		{0029B5AA-C08E-4A09-A964-8F6D977B2C3E}.Debug|Any CPU.ActiveCfg = Debug|Any CPU
		{0029B5AA-C08E-4A09-A964-8F6D977B2C3E}.Debug|Any CPU.Build.0 = Debug|Any CPU
		{0029B5AA-C08E-4A09-A964-8F6D977B2C3E}.Release|Any CPU.ActiveCfg = Release|Any CPU
		{0029B5AA-C08E-4A09-A964-8F6D977B2C3E}.Release|Any CPU.Build.0 = Release|Any CPU
		{BAAF9E9C-98B4-47A2-A3FE-7D9BC7170D94}.Debug|Any CPU.ActiveCfg = Debug|Any CPU
		{BAAF9E9C-98B4-47A2-A3FE-7D9BC7170D94}.Debug|Any CPU.Build.0 = Debug|Any CPU
		{BAAF9E9C-98B4-47A2-A3FE-7D9BC7170D94}.Release|Any CPU.ActiveCfg = Release|Any CPU
		{BAAF9E9C-98B4-47A2-A3FE-7D9BC7170D94}.Release|Any CPU.Build.0 = Release|Any CPU
	EndGlobalSection
	GlobalSection(SolutionProperties) = preSolution
		HideSolutionNode = FALSE
	EndGlobalSection
	GlobalSection(ExtensibilityGlobals) = postSolution
		SolutionGuid = {5C44D2E1-3158-4AD9-99DE-E29A8FD1C8E4}
	EndGlobalSection
EndGlobal
